library(readr)
library(ggplot2)
library(dplyr)
library(stringi)
library(stringr)
library(sf)
library(rsample)
library(patchwork)
library(scales)
library(lubridate)
library(purrr)
library(forcats)
library(targets)
library(tarchetypes)
library(ggpubr)
library(collapse)
library(vegan)
library(permute)
library(Factoshiny)
library(collapse)
library(vegan)
library(janitor)
library(permute)
